
Microsoft Visual Studio Solution File, Format Version 10.00
# Visual Studio 2008
Project("{8BC9CEB8-8B4A-11D0-8D11-00A0C91BC942}") = "剑指offer——求n次方", "剑指offer——求n次方\剑指offer——求n次方.vcproj", "{5531952E-F5F5-4237-B57F-A1C7A6AF150D}"
EndProject
Global
	GlobalSection(SolutionConfigurationPlatforms) = preSolution
		Debug|Win32 = Debug|Win32
		Release|Win32 = Release|Win32
	EndGlobalSection
	GlobalSection(ProjectConfigurationPlatforms) = postSolution
		{5531952E-F5F5-4237-B57F-A1C7A6AF150D}.Debug|Win32.ActiveCfg = Debug|Win32
		{5531952E-F5F5-4237-B57F-A1C7A6AF150D}.Debug|Win32.Build.0 = Debug|Win32
		{5531952E-F5F5-4237-B57F-A1C7A6AF150D}.Release|Win32.ActiveCfg = Release|Win32
		{5531952E-F5F5-4237-B57F-A1C7A6AF150D}.Release|Win32.Build.0 = Release|Win32
	EndGlobalSection
	GlobalSection(SolutionProperties) = preSolution
		HideSolutionNode = FALSE
	EndGlobalSection
EndGlobal
