
Microsoft Visual Studio Solution File, Format Version 10.00
# Visual Studio 2008
Project("{8BC9CEB8-8B4A-11D0-8D11-00A0C91BC942}") = "求最大子序列和", "求最大子序列和\求最大子序列和.vcproj", "{25E57C20-DE97-45AB-8C74-383497AE031C}"
EndProject
Global
	GlobalSection(SolutionConfigurationPlatforms) = preSolution
		Debug|Win32 = Debug|Win32
		Release|Win32 = Release|Win32
	EndGlobalSection
	GlobalSection(ProjectConfigurationPlatforms) = postSolution
		{25E57C20-DE97-45AB-8C74-383497AE031C}.Debug|Win32.ActiveCfg = Debug|Win32
		{25E57C20-DE97-45AB-8C74-383497AE031C}.Debug|Win32.Build.0 = Debug|Win32
		{25E57C20-DE97-45AB-8C74-383497AE031C}.Release|Win32.ActiveCfg = Release|Win32
		{25E57C20-DE97-45AB-8C74-383497AE031C}.Release|Win32.Build.0 = Release|Win32
	EndGlobalSection
	GlobalSection(SolutionProperties) = preSolution
		HideSolutionNode = FALSE
	EndGlobalSection
EndGlobal
