
Microsoft Visual Studio Solution File, Format Version 10.00
# Visual Studio 2008
Project("{8BC9CEB8-8B4A-11D0-8D11-00A0C91BC942}") = "剑指offer -- 二进制中1的个数", "剑指offer -- 二进制中1的个数\剑指offer -- 二进制中1的个数.vcproj", "{95DED9E2-7010-48DC-9EA1-E35405B87B75}"
EndProject
Global
	GlobalSection(SolutionConfigurationPlatforms) = preSolution
		Debug|Win32 = Debug|Win32
		Release|Win32 = Release|Win32
	EndGlobalSection
	GlobalSection(ProjectConfigurationPlatforms) = postSolution
		{95DED9E2-7010-48DC-9EA1-E35405B87B75}.Debug|Win32.ActiveCfg = Debug|Win32
		{95DED9E2-7010-48DC-9EA1-E35405B87B75}.Debug|Win32.Build.0 = Debug|Win32
		{95DED9E2-7010-48DC-9EA1-E35405B87B75}.Release|Win32.ActiveCfg = Release|Win32
		{95DED9E2-7010-48DC-9EA1-E35405B87B75}.Release|Win32.Build.0 = Release|Win32
	EndGlobalSection
	GlobalSection(SolutionProperties) = preSolution
		HideSolutionNode = FALSE
	EndGlobalSection
EndGlobal
